// !$*UTF8*$!
{
	archiveVersion = 1;
	classes = {
	};
	objectVersion = 50;
	objects = {

/* Begin PBXBuildFile section */
		2C1BB02E271E8074007103A7 /* AppDelegate.swift in Sources */ = {isa = PBXBuildFile; fileRef = 2C1BB02D271E8074007103A7 /* AppDelegate.swift */; };
		2C1BB030271E8074007103A7 /* SceneDelegate.swift in Sources */ = {isa = PBXBuildFile; fileRef = 2C1BB02F271E8074007103A7 /* SceneDelegate.swift */; };
		2C1BB032271E8074007103A7 /* ViewController.swift in Sources */ = {isa = PBXBuildFile; fileRef = 2C1BB031271E8074007103A7 /* ViewController.swift */; };
		2C1BB035271E8074007103A7 /* Main.storyboard in Resources */ = {isa = PBXBuildFile; fileRef = 2C1BB033271E8074007103A7 /* Main.storyboard */; };
		2C1BB037271E807D007103A7 /* Assets.xcassets in Resources */ = {isa = PBXBuildFile; fileRef = 2C1BB036271E807D007103A7 /* Assets.xcassets */; };
		2C1BB03A271E807D007103A7 /* LaunchScreen.storyboard in Resources */ = {isa = PBXBuildFile; fileRef = 2C1BB038271E807D007103A7 /* LaunchScreen.storyboard */; };
		50B4C7B7529935127943CC7E /* Pods_Currencyexchange.framework in Frameworks */ = {isa = PBXBuildFile; fileRef = 3A003B099C077B765E978F1B /* Pods_Currencyexchange.framework */; };
/* End PBXBuildFile section */

/* Begin PBXFileReference section */
		2C1BB02A271E8074007103A7 /* Currencyexchange.app */ = {isa = PBXFileReference; explicitFileType = wrapper.application; includeInIndex = 0; path = Currencyexchange.app; sourceTree = BUILT_PRODUCTS_DIR; };
		2C1BB02D271E8074007103A7 /* AppDelegate.swift */ = {isa = PBXFileReference; lastKnownFileType = sourcecode.swift; path = AppDelegate.swift; sourceTree = "<group>"; };
		2C1BB02F271E8074007103A7 /* SceneDelegate.swift */ = {isa = PBXFileReference; lastKnownFileType = sourcecode.swift; path = SceneDelegate.swift; sourceTree = "<group>"; };
		2C1BB031271E8074007103A7 /* ViewController.swift */ = {isa = PBXFileReference; lastKnownFileType = sourcecode.swift; path = ViewController.swift; sourceTree = "<group>"; };
		2C1BB034271E8074007103A7 /* Base */ = {isa = PBXFileReference; lastKnownFileType = file.storyboard; name = Base; path = Base.lproj/Main.storyboard; sourceTree = "<group>"; };
		2C1BB036271E807D007103A7 /* Assets.xcassets */ = {isa = PBXFileReference; lastKnownFileType = folder.assetcatalog; path = Assets.xcassets; sourceTree = "<group>"; };
		2C1BB039271E807D007103A7 /* Base */ = {isa = PBXFileReference; lastKnownFileType = file.storyboard; name = Base; path = Base.lproj/LaunchScreen.storyboard; sourceTree = "<group>"; };
		2C1BB03B271E807D007103A7 /* Info.plist */ = {isa = PBXFileReference; lastKnownFileType = text.plist.xml; path = Info.plist; sourceTree = "<group>"; };
		3A003B099C077B765E978F1B /* Pods_Currencyexchange.framework */ = {isa = PBXFileReference; explicitFileType = wrapper.framework; includeInIndex = 0; path = Pods_Currencyexchange.framework; sourceTree = BUILT_PRODUCTS_DIR; };
		542837BAC8698BEEE6B736F0 /* Pods-Currencyexchange.release.xcconfig */ = {isa = PBXFileReference; includeInIndex = 1; lastKnownFileType = text.xcconfig; name = "Pods-Currencyexchange.release.xcconfig"; path = "Target Support Files/Pods-Currencyexchange/Pods-Currencyexchange.release.xcconfig"; sourceTree = "<group>"; };
		C01E2960D8E7145886C69257 /* Pods-Currencyexchange.debug.xcconfig */ = {isa = PBXFileReference; includeInIndex = 1; lastKnownFileType = text.xcconfig; name = "Pods-Currencyexchange.debug.xcconfig"; path = "Target Support Files/Pods-Currencyexchange/Pods-Currencyexchange.debug.xcconfig"; sourceTree = "<group>"; };
/* End PBXFileReference section */

/* Begin PBXFrameworksBuildPhase section */
		2C1BB027271E8074007103A7 /* Frameworks */ = {
			isa = PBXFrameworksBuildPhase;
			buildActionMask = 2147483647;
			files = (
				50B4C7B7529935127943CC7E /* Pods_Currencyexchange.framework in Frameworks */,
			);
			runOnlyForDeploymentPostprocessing = 0;
		};
/* End PBXFrameworksBuildPhase section */

/* Begin PBXGroup section */
		2C1BB021271E8073007103A7 = {
			isa = PBXGroup;
			children = (
				2C1BB02C271E8074007103A7 /* Currencyexchange */,
				2C1BB02B271E8074007103A7 /* Products */,
				8DAFABE25C43192185D8A7D4 /* Pods */,
				E3A821FDF2E2D89072B4E00A /* Frameworks */,
			);
			sourceTree = "<group>";
		};
		2C1BB02B271E8074007103A7 /* Products */ = {
			isa = PBXGroup;
			children = (
				2C1BB02A271E8074007103A7 /* Currencyexchange.app */,
			);
			name = Products;
			sourceTree = "<group>";
		};
		2C1BB02C271E8074007103A7 /* Currencyexchange */ = {
			isa = PBXGroup;
			children = (
				2C1BB02D271E8074007103A7 /* AppDelegate.swift */,
				2C1BB02F271E8074007103A7 /* SceneDelegate.swift */,
				2C1BB031271E8074007103A7 /* ViewController.swift */,
				2C1BB033271E8074007103A7 /* Main.storyboard */,
				2C1BB036271E807D007103A7 /* Assets.xcassets */,
				2C1BB038271E807D007103A7 /* LaunchScreen.storyboard */,
				2C1BB03B271E807D007103A7 /* Info.plist */,
			);
			path = Currencyexchange;
			sourceTree = "<group>";
		};
		8DAFABE25C43192185D8A7D4 /* Pods */ = {
			isa = PBXGroup;
			children = (
				C01E2960D8E7145886C69257 /* Pods-Currencyexchange.debug.xcconfig */,
				542837BAC8698BEEE6B736F0 /* Pods-Currencyexchange.release.xcconfig */,
			);
			name = Pods;
			path = Pods;
			sourceTree = "<group>";
		};
		E3A821FDF2E2D89072B4E00A /* Frameworks */ = {
			isa = PBXGroup;
			children = (
				3A003B099C077B765E978F1B /* Pods_Currencyexchange.framework */,
			);
			name = Frameworks;
			sourceTree = "<group>";
		};
/* End PBXGroup section */

/* Begin PBXNativeTarget section */
		2C1BB029271E8074007103A7 /* Currencyexchange */ = {
			isa = PBXNativeTarget;
			buildConfigurationList = 2C1BB03E271E807D007103A7 /* Build configuration list for PBXNativeTarget "Currencyexchange" */;
			buildPhases = (
				F9D75CA77FE74F069C232840 /* [CP] Check Pods Manifest.lock */,
				2C1BB026271E8074007103A7 /* Sources */,
				2C1BB027271E8074007103A7 /* Frameworks */,
				2C1BB028271E8074007103A7 /* Resources */,
				521643DCA362D0BCBEA88D70 /* [CP] Embed Pods Frameworks */,
			);
			buildRules = (
			);
			dependencies = (
			);
			name = Currencyexchange;
			productName = Currencyexchange;
			productReference = 2C1BB02A271E8074007103A7 /* Currencyexchange.app */;
			productType = "com.apple.product-type.application";
		};
/* End PBXNativeTarget section */

/* Begin PBXProject section */
		2C1BB022271E8073007103A7 /* Project object */ = {
			isa = PBXProject;
			attributes = {
				LastSwiftUpdateCheck = 1250;
				LastUpgradeCheck = 1250;
				TargetAttributes = {
					2C1BB029271E8074007103A7 = {
						CreatedOnToolsVersion = 12.5.1;
					};
				};
			};
			buildConfigurationList = 2C1BB025271E8073007103A7 /* Build configuration list for PBXProject "Currencyexchange" */;
			compatibilityVersion = "Xcode 9.3";
			developmentRegion = en;
			hasScannedForEncodings = 0;
			knownRegions = (
				en,
				Base,
			);
			mainGroup = 2C1BB021271E8073007103A7;
			productRefGroup = 2C1BB02B271E8074007103A7 /* Products */;
			projectDirPath = "";
			projectRoot = "";
			targets = (
				2C1BB029271E8074007103A7 /* Currencyexchange */,
			);
		};
/* End PBXProject section */

/* Begin PBXResourcesBuildPhase section */
		2C1BB028271E8074007103A7 /* Resources */ = {
			isa = PBXResourcesBuildPhase;
			buildActionMask = 2147483647;
			files = (
				2C1BB03A271E807D007103A7 /* LaunchScreen.storyboard in Resources */,
				2C1BB037271E807D007103A7 /* Assets.xcassets in Resources */,
				2C1BB035271E8074007103A7 /* Main.storyboard in Resources */,
			);
			runOnlyForDeploymentPostprocessing = 0;
		};
/* End PBXResourcesBuildPhase section */

/* Begin PBXShellScriptBuildPhase section */
		521643DCA362D0BCBEA88D70 /* [CP] Embed Pods Frameworks */ = {
			isa = PBXShellScriptBuildPhase;
			buildActionMask = 2147483647;
			files = (
			);
			inputFileListPaths = (
				"${PODS_ROOT}/Target Support Files/Pods-Currencyexchange/Pods-Currencyexchange-frameworks-${CONFIGURATION}-input-files.xcfilelist",
			);
			name = "[CP] Embed Pods Frameworks";
			outputFileListPaths = (
				"${PODS_ROOT}/Target Support Files/Pods-Currencyexchange/Pods-Currencyexchange-frameworks-${CONFIGURATION}-output-files.xcfilelist",
			);
			runOnlyForDeploymentPostprocessing = 0;
			shellPath = /bin/sh;
			shellScript = "\"${PODS_ROOT}/Target Support Files/Pods-Currencyexchange/Pods-Currencyexchange-frameworks.sh\"\n";
			showEnvVarsInLog = 0;
		};
		F9D75CA77FE74F069C232840 /* [CP] Check Pods Manifest.lock */ = {
			isa = PBXShellScriptBuildPhase;
			buildActionMask = 2147483647;
			files = (
			);
			inputFileListPaths = (
			);
			inputPaths = (
				"${PODS_PODFILE_DIR_PATH}/Podfile.lock",
				"${PODS_ROOT}/Manifest.lock",
			);
			name = "[CP] Check Pods Manifest.lock";
			outputFileListPaths = (
			);
			outputPaths = (
				"$(DERIVED_FILE_DIR)/Pods-Currencyexchange-checkManifestLockResult.txt",
			);
			runOnlyForDeploymentPostprocessing = 0;
			shellPath = /bin/sh;
			shellScript = "diff \"${PODS_PODFILE_DIR_PATH}/Podfile.lock\" \"${PODS_ROOT}/Manifest.lock\" > /dev/null\nif [ $? != 0 ] ; then\n    # print error to STDERR\n    echo \"error: The sandbox is not in sync with the Podfile.lock. Run 'pod install' or update your CocoaPods installation.\" >&2\n    exit 1\nfi\n# This output is used by Xcode 'outputs' to avoid re-running this script phase.\necho \"SUCCESS\" > \"${SCRIPT_OUTPUT_FILE_0}\"\n";
			showEnvVarsInLog = 0;
		};
/* End PBXShellScriptBuildPhase section */

/* Begin PBXSourcesBuildPhase section */
		2C1BB026271E8074007103A7 /* Sources */ = {
			isa = PBXSourcesBuildPhase;
			buildActionMask = 2147483647;
			files = (
				2C1BB032271E8074007103A7 /* ViewController.swift in Sources */,
				2C1BB02E271E8074007103A7 /* AppDelegate.swift in Sources */,
				2C1BB030271E8074007103A7 /* SceneDelegate.swift in Sources */,
			);
			runOnlyForDeploymentPostprocessing = 0;
		};
/* End PBXSourcesBuildPhase section */

/* Begin PBXVariantGroup section */
		2C1BB033271E8074007103A7 /* Main.storyboard */ = {
			isa = PBXVariantGroup;
			children = (
				2C1BB034271E8074007103A7 /* Base */,
			);
			name = Main.storyboard;
			sourceTree = "<group>";
		};
		2C1BB038271E807D007103A7 /* LaunchScreen.storyboard */ = {
			isa = PBXVariantGroup;
			children = (
				2C1BB039271E807D007103A7 /* Base */,
			);
			name = LaunchScreen.storyboard;
			sourceTree = "<group>";
		};
/* End PBXVariantGroup section */

/* Begin XCBuildConfiguration section */
		2C1BB03C271E807D007103A7 /* Debug */ = {
			isa = XCBuildConfiguration;
			buildSettings = {
				ALWAYS_SEARCH_USER_PATHS = NO;
				CLANG_ANALYZER_NONNULL = YES;
				CLANG_ANALYZER_NUMBER_OBJECT_CONVERSION = YES_AGGRESSIVE;
				CLANG_CXX_LANGUAGE_STANDARD = "gnu++14";
				CLANG_CXX_LIBRARY = "libc++";
				CLANG_ENABLE_MODULES = YES;
				CLANG_ENABLE_OBJC_ARC = YES;
				CLANG_ENABLE_OBJC_WEAK = YES;
				CLANG_WARN_BLOCK_CAPTURE_AUTORELEASING = YES;
				CLANG_WARN_BOOL_CONVERSION = YES;
				CLANG_WARN_COMMA = YES;
				CLANG_WARN_CONSTANT_CONVERSION = YES;
				CLANG_WARN_DEPRECATED_OBJC_IMPLEMENTATIONS = YES;
				CLANG_WARN_DIRECT_OBJC_ISA_USAGE = YES_ERROR;
				CLANG_WARN_DOCUMENTATION_COMMENTS = YES;
				CLANG_WARN_EMPTY_BODY = YES;
				CLANG_WARN_ENUM_CONVERSION = YES;
				CLANG_WARN_INFINITE_RECURSION = YES;
				CLANG_WARN_INT_CONVERSION = YES;
				CLANG_WARN_NON_LITERAL_NULL_CONVERSION = YES;
				CLANG_WARN_OBJC_IMPLICIT_RETAIN_SELF = YES;
				CLANG_WARN_OBJC_LITERAL_CONVERSION = YES;
				CLANG_WARN_OBJC_ROOT_CLASS = YES_ERROR;
				CLANG_WARN_QUOTED_INCLUDE_IN_FRAMEWORK_HEADER = YES;
				CLANG_WARN_RANGE_LOOP_ANALYSIS = YES;
				CLANG_WARN_STRICT_PROTOTYPES = YES;
				CLANG_WARN_SUSPICIOUS_MOVE = YES;
				CLANG_WARN_UNGUARDED_AVAILABILITY = YES_AGGRESSIVE;
				CLANG_WARN_UNREACHABLE_CODE = YES;
				CLANG_WARN__DUPLICATE_METHOD_MATCH = YES;
				COPY_PHASE_STRIP = NO;
				DEBUG_INFORMATION_FORMAT = dwarf;
				ENABLE_STRICT_OBJC_MSGSEND = YES;
				ENABLE_TESTABILITY = YES;
				GCC_C_LANGUAGE_STANDARD = gnu11;
				GCC_DYNAMIC_NO_PIC = NO;
				GCC_NO_COMMON_BLOCKS = YES;
				GCC_OPTIMIZATION_LEVEL = 0;
				GCC_PREPROCESSOR_DEFINITIONS = (
					"DEBUG=1",
					"$(inherited)",
				);
				GCC_WARN_64_TO_32_BIT_CONVERSION = YES;
				GCC_WARN_ABOUT_RETURN_TYPE = YES_ERROR;
				GCC_WARN_UNDECLARED_SELECTOR = YES;
				GCC_WARN_UNINITIALIZED_AUTOS = YES_AGGRESSIVE;
				GCC_WARN_UNUSED_FUNCTION = YES;
				GCC_WARN_UNUSED_VARIABLE = YES;
				IPHONEOS_DEPLOYMENT_TARGET = 14.5;
				MTL_ENABLE_DEBUG_INFO = INCLUDE_SOURCE;
				MTL_FAST_MATH = YES;
				ONLY_ACTIVE_ARCH = YES;
				SDKROOT = iphoneos;
				SWIFT_ACTIVE_COMPILATION_CONDITIONS = DEBUG;
				SWIFT_OPTIMIZATION_LEVEL = "-Onone";
			};
			name = Debug;
		};
		2C1BB03D271E807D007103A7 /* Release */ = {
			isa = XCBuildConfiguration;
			buildSettings = {
				ALWAYS_SEARCH_USER_PATHS = NO;
				CLANG_ANALYZER_NONNULL = YES;
				CLANG_ANALYZER_NUMBER_OBJECT_CONVERSION = YES_AGGRESSIVE;
				CLANG_CXX_LANGUAGE_STANDARD = "gnu++14";
				CLANG_CXX_LIBRARY = "libc++";
				CLANG_ENABLE_MODULES = YES;
				CLANG_ENABLE_OBJC_ARC = YES;
				CLANG_ENABLE_OBJC_WEAK = YES;
				CLANG_WARN_BLOCK_CAPTURE_AUTORELEASING = YES;
				CLANG_WARN_BOOL_CONVERSION = YES;
				CLANG_WARN_COMMA = YES;
				CLANG_WARN_CONSTANT_CONVERSION = YES;
				CLANG_WARN_DEPRECATED_OBJC_IMPLEMENTATIONS = YES;
				CLANG_WARN_DIRECT_OBJC_ISA_USAGE = YES_ERROR;
				CLANG_WARN_DOCUMENTATION_COMMENTS = YES;
				CLANG_WARN_EMPTY_BODY = YES;
				CLANG_WARN_ENUM_CONVERSION = YES;
				CLANG_WARN_INFINITE_RECURSION = YES;
				CLANG_WARN_INT_CONVERSION = YES;
				CLANG_WARN_NON_LITERAL_NULL_CONVERSION = YES;
				CLANG_WARN_OBJC_IMPLICIT_RETAIN_SELF = YES;
				CLANG_WARN_OBJC_LITERAL_CONVERSION = YES;
				CLANG_WARN_OBJC_ROOT_CLASS = YES_ERROR;
				CLANG_WARN_QUOTED_INCLUDE_IN_FRAMEWORK_HEADER = YES;
				CLANG_WARN_RANGE_LOOP_ANALYSIS = YES;
				CLANG_WARN_STRICT_PROTOTYPES = YES;
				CLANG_WARN_SUSPICIOUS_MOVE = YES;
				CLANG_WARN_UNGUARDED_AVAILABILITY = YES_AGGRESSIVE;
				CLANG_WARN_UNREACHABLE_CODE = YES;
				CLANG_WARN__DUPLICATE_METHOD_MATCH = YES;
				COPY_PHASE_STRIP = NO;
				DEBUG_INFORMATION_FORMAT = "dwarf-with-dsym";
				ENABLE_NS_ASSERTIONS = NO;
				ENABLE_STRICT_OBJC_MSGSEND = YES;
				GCC_C_LANGUAGE_STANDARD = gnu11;
				GCC_NO_COMMON_BLOCKS = YES;
				GCC_WARN_64_TO_32_BIT_CONVERSION = YES;
				GCC_WARN_ABOUT_RETURN_TYPE = YES_ERROR;
				GCC_WARN_UNDECLARED_SELECTOR = YES;
				GCC_WARN_UNINITIALIZED_AUTOS = YES_AGGRESSIVE;
				GCC_WARN_UNUSED_FUNCTION = YES;
				GCC_WARN_UNUSED_VARIABLE = YES;
				IPHONEOS_DEPLOYMENT_TARGET = 14.5;
				MTL_ENABLE_DEBUG_INFO = NO;
				MTL_FAST_MATH = YES;
				SDKROOT = iphoneos;
				SWIFT_COMPILATION_MODE = wholemodule;
				SWIFT_OPTIMIZATION_LEVEL = "-O";
				VALIDATE_PRODUCT = YES;
			};
			name = Release;
		};
		2C1BB03F271E807D007103A7 /* Debug */ = {
			isa = XCBuildConfiguration;
			baseConfigurationReference = C01E2960D8E7145886C69257 /* Pods-Currencyexchange.debug.xcconfig */;
			buildSettings = {
				ASSETCATALOG_COMPILER_APPICON_NAME = AppIcon;
				ASSETCATALOG_COMPILER_GLOBAL_ACCENT_COLOR_NAME = AccentColor;
				CODE_SIGN_STYLE = Automatic;
				DEVELOPMENT_TEAM = TN3H549HVQ;
				INFOPLIST_FILE = Currencyexchange/Info.plist;
				LD_RUNPATH_SEARCH_PATHS = (
					"$(inherited)",
					"@executable_path/Frameworks",
				);
				PRODUCT_BUNDLE_IDENTIFIER = edu.notheastern.hongxi.Currencyexchange;
				PRODUCT_NAME = "$(TARGET_NAME)";
				SWIFT_VERSION = 5.0;
				TARGETED_DEVICE_FAMILY = "1,2";
			};
			name = Debug;
		};
		2C1BB040271E807D007103A7 /* Release */ = {
			isa = XCBuildConfiguration;
			baseConfigurationReference = 542837BAC8698BEEE6B736F0 /* Pods-Currencyexchange.release.xcconfig */;
			buildSettings = {
				ASSETCATALOG_COMPILER_APPICON_NAME = AppIcon;
				ASSETCATALOG_COMPILER_GLOBAL_ACCENT_COLOR_NAME = AccentColor;
				CODE_SIGN_STYLE = Automatic;
				DEVELOPMENT_TEAM = TN3H549HVQ;
				INFOPLIST_FILE = Currencyexchange/Info.plist;
				LD_RUNPATH_SEARCH_PATHS = (
					"$(inherited)",
					"@executable_path/Frameworks",
				);
				PRODUCT_BUNDLE_IDENTIFIER = edu.notheastern.hongxi.Currencyexchange;
				PRODUCT_NAME = "$(TARGET_NAME)";
				SWIFT_VERSION = 5.0;
				TARGETED_DEVICE_FAMILY = "1,2";
			};
			name = Release;
		};
/* End XCBuildConfiguration section */

/* Begin XCConfigurationList section */
		2C1BB025271E8073007103A7 /* Build configuration list for PBXProject "Currencyexchange" */ = {
			isa = XCConfigurationList;
			buildConfigurations = (
				2C1BB03C271E807D007103A7 /* Debug */,
				2C1BB03D271E807D007103A7 /* Release */,
			);
			defaultConfigurationIsVisible = 0;
			defaultConfigurationName = Release;
		};
		2C1BB03E271E807D007103A7 /* Build configuration list for PBXNativeTarget "Currencyexchange" */ = {
			isa = XCConfigurationList;
			buildConfigurations = (
				2C1BB03F271E807D007103A7 /* Debug */,
				2C1BB040271E807D007103A7 /* Release */,
			);
			defaultConfigurationIsVisible = 0;
			defaultConfigurationName = Release;
		};
/* End XCConfigurationList section */
	};
	rootObject = 2C1BB022271E8073007103A7 /* Project object */;
}
